// !$*UTF8*$!
{
	archiveVersion = 1;
	classes = {
	};
	objectVersion = 56;
	objects = {

/* Begin PBXBuildFile section */
		4CA260B22C250D8400E119F5 /* HASSWebSocketUIClientApp.swift in Sources */ = {isa = PBXBuildFile; fileRef = 4CA260B12C250D8400E119F5 /* HASSWebSocketUIClientApp.swift */; };
		4CA260B42C250D8400E119F5 /* ContentView.swift in Sources */ = {isa = PBXBuildFile; fileRef = 4CA260B32C250D8400E119F5 /* ContentView.swift */; };
		4CA260B62C250D8500E119F5 /* Assets.xcassets in Resources */ = {isa = PBXBuildFile; fileRef = 4CA260B52C250D8500E119F5 /* Assets.xcassets */; };
		4CA260B92C250D8500E119F5 /* Preview Assets.xcassets in Resources */ = {isa = PBXBuildFile; fileRef = 4CA260B82C250D8500E119F5 /* Preview Assets.xcassets */; };
		4CA260C32C250D8500E119F5 /* HASSWebSocketUIClientTests.swift in Sources */ = {isa = PBXBuildFile; fileRef = 4CA260C22C250D8500E119F5 /* HASSWebSocketUIClientTests.swift */; };
		4CA260CD2C250D8600E119F5 /* HASSWebSocketUIClientUITests.swift in Sources */ = {isa = PBXBuildFile; fileRef = 4CA260CC2C250D8600E119F5 /* HASSWebSocketUIClientUITests.swift */; };
		4CA260CF2C250D8600E119F5 /* HASSWebSocketUIClientUITestsLaunchTests.swift in Sources */ = {isa = PBXBuildFile; fileRef = 4CA260CE2C250D8600E119F5 /* HASSWebSocketUIClientUITestsLaunchTests.swift */; };
		4CA260DC2C25102600E119F5 /* WebSocketClient.swift in Sources */ = {isa = PBXBuildFile; fileRef = 4CA260DB2C25102600E119F5 /* WebSocketClient.swift */; };
/* End PBXBuildFile section */

/* Begin PBXContainerItemProxy section */
		4CA260BF2C250D8500E119F5 /* PBXContainerItemProxy */ = {
			isa = PBXContainerItemProxy;
			containerPortal = 4CA260A62C250D8400E119F5 /* Project object */;
			proxyType = 1;
			remoteGlobalIDString = 4CA260AD2C250D8400E119F5;
			remoteInfo = HASSWebSocketUIClient;
		};
		4CA260C92C250D8600E119F5 /* PBXContainerItemProxy */ = {
			isa = PBXContainerItemProxy;
			containerPortal = 4CA260A62C250D8400E119F5 /* Project object */;
			proxyType = 1;
			remoteGlobalIDString = 4CA260AD2C250D8400E119F5;
			remoteInfo = HASSWebSocketUIClient;
		};
/* End PBXContainerItemProxy section */

/* Begin PBXFileReference section */
		4CA260AE2C250D8400E119F5 /* HASSWebSocketUIClient.app */ = {isa = PBXFileReference; explicitFileType = wrapper.application; includeInIndex = 0; path = HASSWebSocketUIClient.app; sourceTree = BUILT_PRODUCTS_DIR; };
		4CA260B12C250D8400E119F5 /* HASSWebSocketUIClientApp.swift */ = {isa = PBXFileReference; lastKnownFileType = sourcecode.swift; path = HASSWebSocketUIClientApp.swift; sourceTree = "<group>"; };
		4CA260B32C250D8400E119F5 /* ContentView.swift */ = {isa = PBXFileReference; lastKnownFileType = sourcecode.swift; path = ContentView.swift; sourceTree = "<group>"; };
		4CA260B52C250D8500E119F5 /* Assets.xcassets */ = {isa = PBXFileReference; lastKnownFileType = folder.assetcatalog; path = Assets.xcassets; sourceTree = "<group>"; };
		4CA260B82C250D8500E119F5 /* Preview Assets.xcassets */ = {isa = PBXFileReference; lastKnownFileType = folder.assetcatalog; path = "Preview Assets.xcassets"; sourceTree = "<group>"; };
		4CA260BE2C250D8500E119F5 /* HASSWebSocketUIClientTests.xctest */ = {isa = PBXFileReference; explicitFileType = wrapper.cfbundle; includeInIndex = 0; path = HASSWebSocketUIClientTests.xctest; sourceTree = BUILT_PRODUCTS_DIR; };
		4CA260C22C250D8500E119F5 /* HASSWebSocketUIClientTests.swift */ = {isa = PBXFileReference; lastKnownFileType = sourcecode.swift; path = HASSWebSocketUIClientTests.swift; sourceTree = "<group>"; };
		4CA260C82C250D8500E119F5 /* HASSWebSocketUIClientUITests.xctest */ = {isa = PBXFileReference; explicitFileType = wrapper.cfbundle; includeInIndex = 0; path = HASSWebSocketUIClientUITests.xctest; sourceTree = BUILT_PRODUCTS_DIR; };
		4CA260CC2C250D8600E119F5 /* HASSWebSocketUIClientUITests.swift */ = {isa = PBXFileReference; lastKnownFileType = sourcecode.swift; path = HASSWebSocketUIClientUITests.swift; sourceTree = "<group>"; };
		4CA260CE2C250D8600E119F5 /* HASSWebSocketUIClientUITestsLaunchTests.swift */ = {isa = PBXFileReference; lastKnownFileType = sourcecode.swift; path = HASSWebSocketUIClientUITestsLaunchTests.swift; sourceTree = "<group>"; };
		4CA260DB2C25102600E119F5 /* WebSocketClient.swift */ = {isa = PBXFileReference; lastKnownFileType = sourcecode.swift; path = WebSocketClient.swift; sourceTree = "<group>"; };
/* End PBXFileReference section */

/* Begin PBXFrameworksBuildPhase section */
		4CA260AB2C250D8400E119F5 /* Frameworks */ = {
			isa = PBXFrameworksBuildPhase;
			buildActionMask = 2147483647;
			files = (
			);
			runOnlyForDeploymentPostprocessing = 0;
		};
		4CA260BB2C250D8500E119F5 /* Frameworks */ = {
			isa = PBXFrameworksBuildPhase;
			buildActionMask = 2147483647;
			files = (
			);
			runOnlyForDeploymentPostprocessing = 0;
		};
		4CA260C52C250D8500E119F5 /* Frameworks */ = {
			isa = PBXFrameworksBuildPhase;
			buildActionMask = 2147483647;
			files = (
			);
			runOnlyForDeploymentPostprocessing = 0;
		};
/* End PBXFrameworksBuildPhase section */

/* Begin PBXGroup section */
		4CA260A52C250D8400E119F5 = {
			isa = PBXGroup;
			children = (
				4CA260B02C250D8400E119F5 /* HASSWebSocketUIClient */,
				4CA260C12C250D8500E119F5 /* HASSWebSocketUIClientTests */,
				4CA260CB2C250D8600E119F5 /* HASSWebSocketUIClientUITests */,
				4CA260AF2C250D8400E119F5 /* Products */,
			);
			sourceTree = "<group>";
		};
		4CA260AF2C250D8400E119F5 /* Products */ = {
			isa = PBXGroup;
			children = (
				4CA260AE2C250D8400E119F5 /* HASSWebSocketUIClient.app */,
				4CA260BE2C250D8500E119F5 /* HASSWebSocketUIClientTests.xctest */,
				4CA260C82C250D8500E119F5 /* HASSWebSocketUIClientUITests.xctest */,
			);
			name = Products;
			sourceTree = "<group>";
		};
		4CA260B02C250D8400E119F5 /* HASSWebSocketUIClient */ = {
			isa = PBXGroup;
			children = (
				4CA260DB2C25102600E119F5 /* WebSocketClient.swift */,
				4CA260B12C250D8400E119F5 /* HASSWebSocketUIClientApp.swift */,
				4CA260B32C250D8400E119F5 /* ContentView.swift */,
				4CA260B52C250D8500E119F5 /* Assets.xcassets */,
				4CA260B72C250D8500E119F5 /* Preview Content */,
			);
			path = HASSWebSocketUIClient;
			sourceTree = "<group>";
		};
		4CA260B72C250D8500E119F5 /* Preview Content */ = {
			isa = PBXGroup;
			children = (
				4CA260B82C250D8500E119F5 /* Preview Assets.xcassets */,
			);
			path = "Preview Content";
			sourceTree = "<group>";
		};
		4CA260C12C250D8500E119F5 /* HASSWebSocketUIClientTests */ = {
			isa = PBXGroup;
			children = (
				4CA260C22C250D8500E119F5 /* HASSWebSocketUIClientTests.swift */,
			);
			path = HASSWebSocketUIClientTests;
			sourceTree = "<group>";
		};
		4CA260CB2C250D8600E119F5 /* HASSWebSocketUIClientUITests */ = {
			isa = PBXGroup;
			children = (
				4CA260CC2C250D8600E119F5 /* HASSWebSocketUIClientUITests.swift */,
				4CA260CE2C250D8600E119F5 /* HASSWebSocketUIClientUITestsLaunchTests.swift */,
			);
			path = HASSWebSocketUIClientUITests;
			sourceTree = "<group>";
		};
/* End PBXGroup section */

/* Begin PBXNativeTarget section */
		4CA260AD2C250D8400E119F5 /* HASSWebSocketUIClient */ = {
			isa = PBXNativeTarget;
			buildConfigurationList = 4CA260D22C250D8600E119F5 /* Build configuration list for PBXNativeTarget "HASSWebSocketUIClient" */;
			buildPhases = (
				4CA260AA2C250D8400E119F5 /* Sources */,
				4CA260AB2C250D8400E119F5 /* Frameworks */,
				4CA260AC2C250D8400E119F5 /* Resources */,
			);
			buildRules = (
			);
			dependencies = (
			);
			name = HASSWebSocketUIClient;
			productName = HASSWebSocketUIClient;
			productReference = 4CA260AE2C250D8400E119F5 /* HASSWebSocketUIClient.app */;
			productType = "com.apple.product-type.application";
		};
		4CA260BD2C250D8500E119F5 /* HASSWebSocketUIClientTests */ = {
			isa = PBXNativeTarget;
			buildConfigurationList = 4CA260D52C250D8600E119F5 /* Build configuration list for PBXNativeTarget "HASSWebSocketUIClientTests" */;
			buildPhases = (
				4CA260BA2C250D8500E119F5 /* Sources */,
				4CA260BB2C250D8500E119F5 /* Frameworks */,
				4CA260BC2C250D8500E119F5 /* Resources */,
			);
			buildRules = (
			);
			dependencies = (
				4CA260C02C250D8500E119F5 /* PBXTargetDependency */,
			);
			name = HASSWebSocketUIClientTests;
			productName = HASSWebSocketUIClientTests;
			productReference = 4CA260BE2C250D8500E119F5 /* HASSWebSocketUIClientTests.xctest */;
			productType = "com.apple.product-type.bundle.unit-test";
		};
		4CA260C72C250D8500E119F5 /* HASSWebSocketUIClientUITests */ = {
			isa = PBXNativeTarget;
			buildConfigurationList = 4CA260D82C250D8600E119F5 /* Build configuration list for PBXNativeTarget "HASSWebSocketUIClientUITests" */;
			buildPhases = (
				4CA260C42C250D8500E119F5 /* Sources */,
				4CA260C52C250D8500E119F5 /* Frameworks */,
				4CA260C62C250D8500E119F5 /* Resources */,
			);
			buildRules = (
			);
			dependencies = (
				4CA260CA2C250D8600E119F5 /* PBXTargetDependency */,
			);
			name = HASSWebSocketUIClientUITests;
			productName = HASSWebSocketUIClientUITests;
			productReference = 4CA260C82C250D8500E119F5 /* HASSWebSocketUIClientUITests.xctest */;
			productType = "com.apple.product-type.bundle.ui-testing";
		};
/* End PBXNativeTarget section */

/* Begin PBXProject section */
		4CA260A62C250D8400E119F5 /* Project object */ = {
			isa = PBXProject;
			attributes = {
				BuildIndependentTargetsInParallel = 1;
				LastSwiftUpdateCheck = 1540;
				LastUpgradeCheck = 1540;
				TargetAttributes = {
					4CA260AD2C250D8400E119F5 = {
						CreatedOnToolsVersion = 15.4;
					};
					4CA260BD2C250D8500E119F5 = {
						CreatedOnToolsVersion = 15.4;
						TestTargetID = 4CA260AD2C250D8400E119F5;
					};
					4CA260C72C250D8500E119F5 = {
						CreatedOnToolsVersion = 15.4;
						TestTargetID = 4CA260AD2C250D8400E119F5;
					};
				};
			};
			buildConfigurationList = 4CA260A92C250D8400E119F5 /* Build configuration list for PBXProject "HASSWebSocketUIClient" */;
			compatibilityVersion = "Xcode 14.0";
			developmentRegion = en;
			hasScannedForEncodings = 0;
			knownRegions = (
				en,
				Base,
			);
			mainGroup = 4CA260A52C250D8400E119F5;
			productRefGroup = 4CA260AF2C250D8400E119F5 /* Products */;
			projectDirPath = "";
			projectRoot = "";
			targets = (
				4CA260AD2C250D8400E119F5 /* HASSWebSocketUIClient */,
				4CA260BD2C250D8500E119F5 /* HASSWebSocketUIClientTests */,
				4CA260C72C250D8500E119F5 /* HASSWebSocketUIClientUITests */,
			);
		};
/* End PBXProject section */

/* Begin PBXResourcesBuildPhase section */
		4CA260AC2C250D8400E119F5 /* Resources */ = {
			isa = PBXResourcesBuildPhase;
			buildActionMask = 2147483647;
			files = (
				4CA260B92C250D8500E119F5 /* Preview Assets.xcassets in Resources */,
				4CA260B62C250D8500E119F5 /* Assets.xcassets in Resources */,
			);
			runOnlyForDeploymentPostprocessing = 0;
		};
		4CA260BC2C250D8500E119F5 /* Resources */ = {
			isa = PBXResourcesBuildPhase;
			buildActionMask = 2147483647;
			files = (
			);
			runOnlyForDeploymentPostprocessing = 0;
		};
		4CA260C62C250D8500E119F5 /* Resources */ = {
			isa = PBXResourcesBuildPhase;
			buildActionMask = 2147483647;
			files = (
			);
			runOnlyForDeploymentPostprocessing = 0;
		};
/* End PBXResourcesBuildPhase section */

/* Begin PBXSourcesBuildPhase section */
		4CA260AA2C250D8400E119F5 /* Sources */ = {
			isa = PBXSourcesBuildPhase;
			buildActionMask = 2147483647;
			files = (
				4CA260B42C250D8400E119F5 /* ContentView.swift in Sources */,
				4CA260B22C250D8400E119F5 /* HASSWebSocketUIClientApp.swift in Sources */,
				4CA260DC2C25102600E119F5 /* WebSocketClient.swift in Sources */,
			);
			runOnlyForDeploymentPostprocessing = 0;
		};
		4CA260BA2C250D8500E119F5 /* Sources */ = {
			isa = PBXSourcesBuildPhase;
			buildActionMask = 2147483647;
			files = (
				4CA260C32C250D8500E119F5 /* HASSWebSocketUIClientTests.swift in Sources */,
			);
			runOnlyForDeploymentPostprocessing = 0;
		};
		4CA260C42C250D8500E119F5 /* Sources */ = {
			isa = PBXSourcesBuildPhase;
			buildActionMask = 2147483647;
			files = (
				4CA260CF2C250D8600E119F5 /* HASSWebSocketUIClientUITestsLaunchTests.swift in Sources */,
				4CA260CD2C250D8600E119F5 /* HASSWebSocketUIClientUITests.swift in Sources */,
			);
			runOnlyForDeploymentPostprocessing = 0;
		};
/* End PBXSourcesBuildPhase section */

/* Begin PBXTargetDependency section */
		4CA260C02C250D8500E119F5 /* PBXTargetDependency */ = {
			isa = PBXTargetDependency;
			target = 4CA260AD2C250D8400E119F5 /* HASSWebSocketUIClient */;
			targetProxy = 4CA260BF2C250D8500E119F5 /* PBXContainerItemProxy */;
		};
		4CA260CA2C250D8600E119F5 /* PBXTargetDependency */ = {
			isa = PBXTargetDependency;
			target = 4CA260AD2C250D8400E119F5 /* HASSWebSocketUIClient */;
			targetProxy = 4CA260C92C250D8600E119F5 /* PBXContainerItemProxy */;
		};
/* End PBXTargetDependency section */

/* Begin XCBuildConfiguration section */
		4CA260D02C250D8600E119F5 /* Debug */ = {
			isa = XCBuildConfiguration;
			buildSettings = {
				ALWAYS_SEARCH_USER_PATHS = NO;
				ASSETCATALOG_COMPILER_GENERATE_SWIFT_ASSET_SYMBOL_EXTENSIONS = YES;
				CLANG_ANALYZER_NONNULL = YES;
				CLANG_ANALYZER_NUMBER_OBJECT_CONVERSION = YES_AGGRESSIVE;
				CLANG_CXX_LANGUAGE_STANDARD = "gnu++20";
				CLANG_ENABLE_MODULES = YES;
				CLANG_ENABLE_OBJC_ARC = YES;
				CLANG_ENABLE_OBJC_WEAK = YES;
				CLANG_WARN_BLOCK_CAPTURE_AUTORELEASING = YES;
				CLANG_WARN_BOOL_CONVERSION = YES;
				CLANG_WARN_COMMA = YES;
				CLANG_WARN_CONSTANT_CONVERSION = YES;
				CLANG_WARN_DEPRECATED_OBJC_IMPLEMENTATIONS = YES;
				CLANG_WARN_DIRECT_OBJC_ISA_USAGE = YES_ERROR;
				CLANG_WARN_DOCUMENTATION_COMMENTS = YES;
				CLANG_WARN_EMPTY_BODY = YES;
				CLANG_WARN_ENUM_CONVERSION = YES;
				CLANG_WARN_INFINITE_RECURSION = YES;
				CLANG_WARN_INT_CONVERSION = YES;
				CLANG_WARN_NON_LITERAL_NULL_CONVERSION = YES;
				CLANG_WARN_OBJC_IMPLICIT_RETAIN_SELF = YES;
				CLANG_WARN_OBJC_LITERAL_CONVERSION = YES;
				CLANG_WARN_OBJC_ROOT_CLASS = YES_ERROR;
				CLANG_WARN_QUOTED_INCLUDE_IN_FRAMEWORK_HEADER = YES;
				CLANG_WARN_RANGE_LOOP_ANALYSIS = YES;
				CLANG_WARN_STRICT_PROTOTYPES = YES;
				CLANG_WARN_SUSPICIOUS_MOVE = YES;
				CLANG_WARN_UNGUARDED_AVAILABILITY = YES_AGGRESSIVE;
				CLANG_WARN_UNREACHABLE_CODE = YES;
				CLANG_WARN__DUPLICATE_METHOD_MATCH = YES;
				COPY_PHASE_STRIP = NO;
				DEBUG_INFORMATION_FORMAT = dwarf;
				ENABLE_STRICT_OBJC_MSGSEND = YES;
				ENABLE_TESTABILITY = YES;
				ENABLE_USER_SCRIPT_SANDBOXING = YES;
				GCC_C_LANGUAGE_STANDARD = gnu17;
				GCC_DYNAMIC_NO_PIC = NO;
				GCC_NO_COMMON_BLOCKS = YES;
				GCC_OPTIMIZATION_LEVEL = 0;
				GCC_PREPROCESSOR_DEFINITIONS = (
					"DEBUG=1",
					"$(inherited)",
				);
				GCC_WARN_64_TO_32_BIT_CONVERSION = YES;
				GCC_WARN_ABOUT_RETURN_TYPE = YES_ERROR;
				GCC_WARN_UNDECLARED_SELECTOR = YES;
				GCC_WARN_UNINITIALIZED_AUTOS = YES_AGGRESSIVE;
				GCC_WARN_UNUSED_FUNCTION = YES;
				GCC_WARN_UNUSED_VARIABLE = YES;
				IPHONEOS_DEPLOYMENT_TARGET = 16.0;
				LOCALIZATION_PREFERS_STRING_CATALOGS = YES;
				MTL_ENABLE_DEBUG_INFO = INCLUDE_SOURCE;
				MTL_FAST_MATH = YES;
				ONLY_ACTIVE_ARCH = YES;
				SDKROOT = iphoneos;
				SWIFT_ACTIVE_COMPILATION_CONDITIONS = "DEBUG $(inherited)";
				SWIFT_OPTIMIZATION_LEVEL = "-Onone";
			};
			name = Debug;
		};
		4CA260D12C250D8600E119F5 /* Release */ = {
			isa = XCBuildConfiguration;
			buildSettings = {
				ALWAYS_SEARCH_USER_PATHS = NO;
				ASSETCATALOG_COMPILER_GENERATE_SWIFT_ASSET_SYMBOL_EXTENSIONS = YES;
				CLANG_ANALYZER_NONNULL = YES;
				CLANG_ANALYZER_NUMBER_OBJECT_CONVERSION = YES_AGGRESSIVE;
				CLANG_CXX_LANGUAGE_STANDARD = "gnu++20";
				CLANG_ENABLE_MODULES = YES;
				CLANG_ENABLE_OBJC_ARC = YES;
				CLANG_ENABLE_OBJC_WEAK = YES;
				CLANG_WARN_BLOCK_CAPTURE_AUTORELEASING = YES;
				CLANG_WARN_BOOL_CONVERSION = YES;
				CLANG_WARN_COMMA = YES;
				CLANG_WARN_CONSTANT_CONVERSION = YES;
				CLANG_WARN_DEPRECATED_OBJC_IMPLEMENTATIONS = YES;
				CLANG_WARN_DIRECT_OBJC_ISA_USAGE = YES_ERROR;
				CLANG_WARN_DOCUMENTATION_COMMENTS = YES;
				CLANG_WARN_EMPTY_BODY = YES;
				CLANG_WARN_ENUM_CONVERSION = YES;
				CLANG_WARN_INFINITE_RECURSION = YES;
				CLANG_WARN_INT_CONVERSION = YES;
				CLANG_WARN_NON_LITERAL_NULL_CONVERSION = YES;
				CLANG_WARN_OBJC_IMPLICIT_RETAIN_SELF = YES;
				CLANG_WARN_OBJC_LITERAL_CONVERSION = YES;
				CLANG_WARN_OBJC_ROOT_CLASS = YES_ERROR;
				CLANG_WARN_QUOTED_INCLUDE_IN_FRAMEWORK_HEADER = YES;
				CLANG_WARN_RANGE_LOOP_ANALYSIS = YES;
				CLANG_WARN_STRICT_PROTOTYPES = YES;
				CLANG_WARN_SUSPICIOUS_MOVE = YES;
				CLANG_WARN_UNGUARDED_AVAILABILITY = YES_AGGRESSIVE;
				CLANG_WARN_UNREACHABLE_CODE = YES;
				CLANG_WARN__DUPLICATE_METHOD_MATCH = YES;
				COPY_PHASE_STRIP = NO;
				DEBUG_INFORMATION_FORMAT = "dwarf-with-dsym";
				ENABLE_NS_ASSERTIONS = NO;
				ENABLE_STRICT_OBJC_MSGSEND = YES;
				ENABLE_USER_SCRIPT_SANDBOXING = YES;
				GCC_C_LANGUAGE_STANDARD = gnu17;
				GCC_NO_COMMON_BLOCKS = YES;
				GCC_WARN_64_TO_32_BIT_CONVERSION = YES;
				GCC_WARN_ABOUT_RETURN_TYPE = YES_ERROR;
				GCC_WARN_UNDECLARED_SELECTOR = YES;
				GCC_WARN_UNINITIALIZED_AUTOS = YES_AGGRESSIVE;
				GCC_WARN_UNUSED_FUNCTION = YES;
				GCC_WARN_UNUSED_VARIABLE = YES;
				IPHONEOS_DEPLOYMENT_TARGET = 16.0;
				LOCALIZATION_PREFERS_STRING_CATALOGS = YES;
				MTL_ENABLE_DEBUG_INFO = NO;
				MTL_FAST_MATH = YES;
				SDKROOT = iphoneos;
				SWIFT_COMPILATION_MODE = wholemodule;
				VALIDATE_PRODUCT = YES;
			};
			name = Release;
		};
		4CA260D32C250D8600E119F5 /* Debug */ = {
			isa = XCBuildConfiguration;
			buildSettings = {
				ASSETCATALOG_COMPILER_APPICON_NAME = AppIcon;
				ASSETCATALOG_COMPILER_GLOBAL_ACCENT_COLOR_NAME = AccentColor;
				CODE_SIGN_STYLE = Automatic;
				CURRENT_PROJECT_VERSION = 1;
				DEVELOPMENT_ASSET_PATHS = "\"HASSWebSocketUIClient/Preview Content\"";
				DEVELOPMENT_TEAM = P7XGZS7U2B;
				ENABLE_PREVIEWS = YES;
				GENERATE_INFOPLIST_FILE = YES;
				INFOPLIST_KEY_UIApplicationSceneManifest_Generation = YES;
				INFOPLIST_KEY_UIApplicationSupportsIndirectInputEvents = YES;
				INFOPLIST_KEY_UILaunchScreen_Generation = YES;
				INFOPLIST_KEY_UISupportedInterfaceOrientations_iPad = "UIInterfaceOrientationPortrait UIInterfaceOrientationPortraitUpsideDown UIInterfaceOrientationLandscapeLeft UIInterfaceOrientationLandscapeRight";
				INFOPLIST_KEY_UISupportedInterfaceOrientations_iPhone = "UIInterfaceOrientationPortrait UIInterfaceOrientationLandscapeLeft UIInterfaceOrientationLandscapeRight";
				LD_RUNPATH_SEARCH_PATHS = (
					"$(inherited)",
					"@executable_path/Frameworks",
				);
				MARKETING_VERSION = 1.0;
				PRODUCT_BUNDLE_IDENTIFIER = com.mihirworld.HASSWebSocketUIClient;
				PRODUCT_NAME = "$(TARGET_NAME)";
				SWIFT_EMIT_LOC_STRINGS = YES;
				SWIFT_VERSION = 5.0;
				TARGETED_DEVICE_FAMILY = "1,2";
			};
			name = Debug;
		};
		4CA260D42C250D8600E119F5 /* Release */ = {
			isa = XCBuildConfiguration;
			buildSettings = {
				ASSETCATALOG_COMPILER_APPICON_NAME = AppIcon;
				ASSETCATALOG_COMPILER_GLOBAL_ACCENT_COLOR_NAME = AccentColor;
				CODE_SIGN_STYLE = Automatic;
				CURRENT_PROJECT_VERSION = 1;
				DEVELOPMENT_ASSET_PATHS = "\"HASSWebSocketUIClient/Preview Content\"";
				DEVELOPMENT_TEAM = P7XGZS7U2B;
				ENABLE_PREVIEWS = YES;
				GENERATE_INFOPLIST_FILE = YES;
				INFOPLIST_KEY_UIApplicationSceneManifest_Generation = YES;
				INFOPLIST_KEY_UIApplicationSupportsIndirectInputEvents = YES;
				INFOPLIST_KEY_UILaunchScreen_Generation = YES;
				INFOPLIST_KEY_UISupportedInterfaceOrientations_iPad = "UIInterfaceOrientationPortrait UIInterfaceOrientationPortraitUpsideDown UIInterfaceOrientationLandscapeLeft UIInterfaceOrientationLandscapeRight";
				INFOPLIST_KEY_UISupportedInterfaceOrientations_iPhone = "UIInterfaceOrientationPortrait UIInterfaceOrientationLandscapeLeft UIInterfaceOrientationLandscapeRight";
				LD_RUNPATH_SEARCH_PATHS = (
					"$(inherited)",
					"@executable_path/Frameworks",
				);
				MARKETING_VERSION = 1.0;
				PRODUCT_BUNDLE_IDENTIFIER = com.mihirworld.HASSWebSocketUIClient;
				PRODUCT_NAME = "$(TARGET_NAME)";
				SWIFT_EMIT_LOC_STRINGS = YES;
				SWIFT_VERSION = 5.0;
				TARGETED_DEVICE_FAMILY = "1,2";
			};
			name = Release;
		};
		4CA260D62C250D8600E119F5 /* Debug */ = {
			isa = XCBuildConfiguration;
			buildSettings = {
				ALWAYS_EMBED_SWIFT_STANDARD_LIBRARIES = YES;
				BUNDLE_LOADER = "$(TEST_HOST)";
				CODE_SIGN_STYLE = Automatic;
				CURRENT_PROJECT_VERSION = 1;
				DEVELOPMENT_TEAM = P7XGZS7U2B;
				GENERATE_INFOPLIST_FILE = YES;
				IPHONEOS_DEPLOYMENT_TARGET = 17.5;
				MARKETING_VERSION = 1.0;
				PRODUCT_BUNDLE_IDENTIFIER = com.mihirworld.HASSWebSocketUIClientTests;
				PRODUCT_NAME = "$(TARGET_NAME)";
				SWIFT_EMIT_LOC_STRINGS = NO;
				SWIFT_VERSION = 5.0;
				TARGETED_DEVICE_FAMILY = "1,2";
				TEST_HOST = "$(BUILT_PRODUCTS_DIR)/HASSWebSocketUIClient.app/$(BUNDLE_EXECUTABLE_FOLDER_PATH)/HASSWebSocketUIClient";
			};
			name = Debug;
		};
		4CA260D72C250D8600E119F5 /* Release */ = {
			isa = XCBuildConfiguration;
			buildSettings = {
				ALWAYS_EMBED_SWIFT_STANDARD_LIBRARIES = YES;
				BUNDLE_LOADER = "$(TEST_HOST)";
				CODE_SIGN_STYLE = Automatic;
				CURRENT_PROJECT_VERSION = 1;
				DEVELOPMENT_TEAM = P7XGZS7U2B;
				GENERATE_INFOPLIST_FILE = YES;
				IPHONEOS_DEPLOYMENT_TARGET = 17.5;
				MARKETING_VERSION = 1.0;
				PRODUCT_BUNDLE_IDENTIFIER = com.mihirworld.HASSWebSocketUIClientTests;
				PRODUCT_NAME = "$(TARGET_NAME)";
				SWIFT_EMIT_LOC_STRINGS = NO;
				SWIFT_VERSION = 5.0;
				TARGETED_DEVICE_FAMILY = "1,2";
				TEST_HOST = "$(BUILT_PRODUCTS_DIR)/HASSWebSocketUIClient.app/$(BUNDLE_EXECUTABLE_FOLDER_PATH)/HASSWebSocketUIClient";
			};
			name = Release;
		};
		4CA260D92C250D8600E119F5 /* Debug */ = {
			isa = XCBuildConfiguration;
			buildSettings = {
				ALWAYS_EMBED_SWIFT_STANDARD_LIBRARIES = YES;
				CODE_SIGN_STYLE = Automatic;
				CURRENT_PROJECT_VERSION = 1;
				DEVELOPMENT_TEAM = P7XGZS7U2B;
				GENERATE_INFOPLIST_FILE = YES;
				MARKETING_VERSION = 1.0;
				PRODUCT_BUNDLE_IDENTIFIER = com.mihirworld.HASSWebSocketUIClientUITests;
				PRODUCT_NAME = "$(TARGET_NAME)";
				SWIFT_EMIT_LOC_STRINGS = NO;
				SWIFT_VERSION = 5.0;
				TARGETED_DEVICE_FAMILY = "1,2";
				TEST_TARGET_NAME = HASSWebSocketUIClient;
			};
			name = Debug;
		};
		4CA260DA2C250D8600E119F5 /* Release */ = {
			isa = XCBuildConfiguration;
			buildSettings = {
				ALWAYS_EMBED_SWIFT_STANDARD_LIBRARIES = YES;
				CODE_SIGN_STYLE = Automatic;
				CURRENT_PROJECT_VERSION = 1;
				DEVELOPMENT_TEAM = P7XGZS7U2B;
				GENERATE_INFOPLIST_FILE = YES;
				MARKETING_VERSION = 1.0;
				PRODUCT_BUNDLE_IDENTIFIER = com.mihirworld.HASSWebSocketUIClientUITests;
				PRODUCT_NAME = "$(TARGET_NAME)";
				SWIFT_EMIT_LOC_STRINGS = NO;
				SWIFT_VERSION = 5.0;
				TARGETED_DEVICE_FAMILY = "1,2";
				TEST_TARGET_NAME = HASSWebSocketUIClient;
			};
			name = Release;
		};
/* End XCBuildConfiguration section */

/* Begin XCConfigurationList section */
		4CA260A92C250D8400E119F5 /* Build configuration list for PBXProject "HASSWebSocketUIClient" */ = {
			isa = XCConfigurationList;
			buildConfigurations = (
				4CA260D02C250D8600E119F5 /* Debug */,
				4CA260D12C250D8600E119F5 /* Release */,
			);
			defaultConfigurationIsVisible = 0;
			defaultConfigurationName = Release;
		};
		4CA260D22C250D8600E119F5 /* Build configuration list for PBXNativeTarget "HASSWebSocketUIClient" */ = {
			isa = XCConfigurationList;
			buildConfigurations = (
				4CA260D32C250D8600E119F5 /* Debug */,
				4CA260D42C250D8600E119F5 /* Release */,
			);
			defaultConfigurationIsVisible = 0;
			defaultConfigurationName = Release;
		};
		4CA260D52C250D8600E119F5 /* Build configuration list for PBXNativeTarget "HASSWebSocketUIClientTests" */ = {
			isa = XCConfigurationList;
			buildConfigurations = (
				4CA260D62C250D8600E119F5 /* Debug */,
				4CA260D72C250D8600E119F5 /* Release */,
			);
			defaultConfigurationIsVisible = 0;
			defaultConfigurationName = Release;
		};
		4CA260D82C250D8600E119F5 /* Build configuration list for PBXNativeTarget "HASSWebSocketUIClientUITests" */ = {
			isa = XCConfigurationList;
			buildConfigurations = (
				4CA260D92C250D8600E119F5 /* Debug */,
				4CA260DA2C250D8600E119F5 /* Release */,
			);
			defaultConfigurationIsVisible = 0;
			defaultConfigurationName = Release;
		};
/* End XCConfigurationList section */
	};
	rootObject = 4CA260A62C250D8400E119F5 /* Project object */;
}
